
Microsoft Visual Studio Solution File, Format Version 12.00
# Visual Studio Version 16
VisualStudioVersion = 16.0.30330.147
MinimumVisualStudioVersion = 10.0.40219.1
Project("{FAE04EC0-301F-11D3-BF4B-00C04F79EFBC}") = "APIstudent", "APIstudent\APIstudent.csproj", "{30161D93-EA0D-453D-964C-7E47FA9C59BC}"
EndProject
Global
	GlobalSection(SolutionConfigurationPlatforms) = preSolution
		Debug|Any CPU = Debug|Any CPU
		Release|Any CPU = Release|Any CPU
	EndGlobalSection
	GlobalSection(ProjectConfigurationPlatforms) = postSolution
		{30161D93-EA0D-453D-964C-7E47FA9C59BC}.Debug|Any CPU.ActiveCfg = Debug|Any CPU
		{30161D93-EA0D-453D-964C-7E47FA9C59BC}.Debug|Any CPU.Build.0 = Debug|Any CPU
		{30161D93-EA0D-453D-964C-7E47FA9C59BC}.Release|Any CPU.ActiveCfg = Release|Any CPU
		{30161D93-EA0D-453D-964C-7E47FA9C59BC}.Release|Any CPU.Build.0 = Release|Any CPU
	EndGlobalSection
	GlobalSection(SolutionProperties) = preSolution
		HideSolutionNode = FALSE
	EndGlobalSection
	GlobalSection(ExtensibilityGlobals) = postSolution
		SolutionGuid = {AAEF7802-54D8-4454-8D6C-DEF5344F874B}
	EndGlobalSection
EndGlobal
